{
  "name": "dawn-dusk-line",
  "version": "1.0.0",
  "lockfileVersion": 3,
  "requires": true,
  "packages": {
    "": {
      "name": "dawn-dusk-line",
      "version": "1.0.0",
      "license": "ISC",
      "dependencies": {
        "chinese-workday": "^2.0.0"
      }
    },
    "node_modules/chinese-workday": {
      "version": "2.0.0",
      "resolved": "https://registry.npmjs.org/chinese-workday/-/chinese-workday-2.0.0.tgz",
      "integrity": "sha512-K2i+1fmZrb7xdjjbQg6AUIlKuav2NwLWVWLvdTJqbbGBfkn63UuKqq//Z6vclqrmoy8wfhaAZ50sjGEFD9CRjg==",
      "license": "MIT"
    }
  }
}
